
Microsoft Visual Studio Solution File, Format Version 12.00
# Visual Studio Version 17
VisualStudioVersion = 17.8.34309.116
MinimumVisualStudioVersion = 10.0.40219.1
Project("{FAE04EC0-301F-11D3-BF4B-00C04F79EFBC}") = "EZImMarkdown", "EZImMarkdown.csproj", "{788F1CA1-E313-406C-912F-E385C5DE211E}"
EndProject
Global
	GlobalSection(SolutionConfigurationPlatforms) = preSolution
		Debug|Any CPU = Debug|Any CPU
		Release|Any CPU = Release|Any CPU
	EndGlobalSection
	GlobalSection(ProjectConfigurationPlatforms) = postSolution
		{788F1CA1-E313-406C-912F-E385C5DE211E}.Debug|Any CPU.ActiveCfg = Debug|Any CPU
		{788F1CA1-E313-406C-912F-E385C5DE211E}.Debug|Any CPU.Build.0 = Debug|Any CPU
		{788F1CA1-E313-406C-912F-E385C5DE211E}.Release|Any CPU.ActiveCfg = Release|Any CPU
		{788F1CA1-E313-406C-912F-E385C5DE211E}.Release|Any CPU.Build.0 = Release|Any CPU
	EndGlobalSection
	GlobalSection(SolutionProperties) = preSolution
		HideSolutionNode = FALSE
	EndGlobalSection
	GlobalSection(ExtensibilityGlobals) = postSolution
		SolutionGuid = {BDC317A0-D0D7-4CC2-B159-5E8BD52B18B2}
	EndGlobalSection
EndGlobal
